// !$*UTF8*$!
{
	archiveVersion = 1;
	classes = {
	};
	objectVersion = 46;
	objects = {

/* Begin PBXBuildFile section */
		4C3307FC1C7C57C70091194C /* AppDelegate.swift in Sources */ = {isa = PBXBuildFile; fileRef = 4C3307FB1C7C57C70091194C /* AppDelegate.swift */; };
		4C3307FE1C7C57C70091194C /* Assets.xcassets in Resources */ = {isa = PBXBuildFile; fileRef = 4C3307FD1C7C57C70091194C /* Assets.xcassets */; };
		4C3308011C7C57C70091194C /* LaunchScreen.storyboard in Resources */ = {isa = PBXBuildFile; fileRef = 4C3307FF1C7C57C70091194C /* LaunchScreen.storyboard */; };
		4C33080C1C7C57C70091194C /* FYLoggerDemoTests.swift in Sources */ = {isa = PBXBuildFile; fileRef = 4C33080B1C7C57C70091194C /* FYLoggerDemoTests.swift */; };
		4C33083B1C7C5EAF0091194C /* MainViewController.swift in Sources */ = {isa = PBXBuildFile; fileRef = 4C33083A1C7C5EAE0091194C /* MainViewController.swift */; };
		4C74446F1C7C7C6900598533 /* FYLogger.swift in Sources */ = {isa = PBXBuildFile; fileRef = 4C74446E1C7C7C6900598533 /* FYLogger.swift */; };
/* End PBXBuildFile section */

/* Begin PBXContainerItemProxy section */
		4C3308081C7C57C70091194C /* PBXContainerItemProxy */ = {
			isa = PBXContainerItemProxy;
			containerPortal = 4C3307F01C7C57C70091194C /* Project object */;
			proxyType = 1;
			remoteGlobalIDString = 4C3307F71C7C57C70091194C;
			remoteInfo = FYLoggerDemo;
		};
/* End PBXContainerItemProxy section */

/* Begin PBXFileReference section */
		4C3307F81C7C57C70091194C /* FYLogger.app */ = {isa = PBXFileReference; explicitFileType = wrapper.application; includeInIndex = 0; path = FYLogger.app; sourceTree = BUILT_PRODUCTS_DIR; };
		4C3307FB1C7C57C70091194C /* AppDelegate.swift */ = {isa = PBXFileReference; lastKnownFileType = sourcecode.swift; path = AppDelegate.swift; sourceTree = "<group>"; };
		4C3307FD1C7C57C70091194C /* Assets.xcassets */ = {isa = PBXFileReference; lastKnownFileType = folder.assetcatalog; path = Assets.xcassets; sourceTree = "<group>"; };
		4C3308001C7C57C70091194C /* Base */ = {isa = PBXFileReference; lastKnownFileType = file.storyboard; name = Base; path = Base.lproj/LaunchScreen.storyboard; sourceTree = "<group>"; };
		4C3308021C7C57C70091194C /* Info.plist */ = {isa = PBXFileReference; lastKnownFileType = text.plist.xml; path = Info.plist; sourceTree = "<group>"; };
		4C3308071C7C57C70091194C /* FYLogger.xctest */ = {isa = PBXFileReference; explicitFileType = wrapper.cfbundle; includeInIndex = 0; path = FYLogger.xctest; sourceTree = BUILT_PRODUCTS_DIR; };
		4C33080B1C7C57C70091194C /* FYLoggerDemoTests.swift */ = {isa = PBXFileReference; lastKnownFileType = sourcecode.swift; path = FYLoggerDemoTests.swift; sourceTree = "<group>"; };
		4C33080D1C7C57C70091194C /* Info.plist */ = {isa = PBXFileReference; lastKnownFileType = text.plist.xml; path = Info.plist; sourceTree = "<group>"; };
		4C33083A1C7C5EAE0091194C /* MainViewController.swift */ = {isa = PBXFileReference; fileEncoding = 4; lastKnownFileType = sourcecode.swift; path = MainViewController.swift; sourceTree = "<group>"; };
		4C74446E1C7C7C6900598533 /* FYLogger.swift */ = {isa = PBXFileReference; fileEncoding = 4; lastKnownFileType = sourcecode.swift; path = FYLogger.swift; sourceTree = "<group>"; };
/* End PBXFileReference section */

/* Begin PBXFrameworksBuildPhase section */
		4C3307F51C7C57C70091194C /* Frameworks */ = {
			isa = PBXFrameworksBuildPhase;
			buildActionMask = 2147483647;
			files = (
			);
			runOnlyForDeploymentPostprocessing = 0;
		};
		4C3308041C7C57C70091194C /* Frameworks */ = {
			isa = PBXFrameworksBuildPhase;
			buildActionMask = 2147483647;
			files = (
			);
			runOnlyForDeploymentPostprocessing = 0;
		};
/* End PBXFrameworksBuildPhase section */

/* Begin PBXGroup section */
		4C3307EF1C7C57C70091194C = {
			isa = PBXGroup;
			children = (
				4C74446D1C7C7C6900598533 /* Sources */,
				4C3307FA1C7C57C70091194C /* FYLoggerDemo */,
				4C33080A1C7C57C70091194C /* FYLoggerDemoTests */,
				4C3307F91C7C57C70091194C /* Products */,
			);
			sourceTree = "<group>";
		};
		4C3307F91C7C57C70091194C /* Products */ = {
			isa = PBXGroup;
			children = (
				4C3307F81C7C57C70091194C /* FYLogger.app */,
				4C3308071C7C57C70091194C /* FYLogger.xctest */,
			);
			name = Products;
			sourceTree = "<group>";
		};
		4C3307FA1C7C57C70091194C /* FYLoggerDemo */ = {
			isa = PBXGroup;
			children = (
				4C3307FB1C7C57C70091194C /* AppDelegate.swift */,
				4C3307FD1C7C57C70091194C /* Assets.xcassets */,
				4C3307FF1C7C57C70091194C /* LaunchScreen.storyboard */,
				4C3308021C7C57C70091194C /* Info.plist */,
				4C33083A1C7C5EAE0091194C /* MainViewController.swift */,
			);
			path = FYLoggerDemo;
			sourceTree = "<group>";
		};
		4C33080A1C7C57C70091194C /* FYLoggerDemoTests */ = {
			isa = PBXGroup;
			children = (
				4C33080B1C7C57C70091194C /* FYLoggerDemoTests.swift */,
				4C33080D1C7C57C70091194C /* Info.plist */,
			);
			path = FYLoggerDemoTests;
			sourceTree = "<group>";
		};
		4C74446D1C7C7C6900598533 /* Sources */ = {
			isa = PBXGroup;
			children = (
				4C74446E1C7C7C6900598533 /* FYLogger.swift */,
			);
			path = Sources;
			sourceTree = "<group>";
		};
/* End PBXGroup section */

/* Begin PBXNativeTarget section */
		4C3307F71C7C57C70091194C /* FYLogger */ = {
			isa = PBXNativeTarget;
			buildConfigurationList = 4C3308101C7C57C70091194C /* Build configuration list for PBXNativeTarget "FYLogger" */;
			buildPhases = (
				4C3307F41C7C57C70091194C /* Sources */,
				4C3307F51C7C57C70091194C /* Frameworks */,
				4C3307F61C7C57C70091194C /* Resources */,
			);
			buildRules = (
			);
			dependencies = (
			);
			name = FYLogger;
			productName = FYLoggerDemo;
			productReference = 4C3307F81C7C57C70091194C /* FYLogger.app */;
			productType = "com.apple.product-type.application";
		};
		4C3308061C7C57C70091194C /* FYLoggerTests */ = {
			isa = PBXNativeTarget;
			buildConfigurationList = 4C3308131C7C57C70091194C /* Build configuration list for PBXNativeTarget "FYLoggerTests" */;
			buildPhases = (
				4C3308031C7C57C70091194C /* Sources */,
				4C3308041C7C57C70091194C /* Frameworks */,
				4C3308051C7C57C70091194C /* Resources */,
			);
			buildRules = (
			);
			dependencies = (
				4C3308091C7C57C70091194C /* PBXTargetDependency */,
			);
			name = FYLoggerTests;
			productName = FYLoggerDemoTests;
			productReference = 4C3308071C7C57C70091194C /* FYLogger.xctest */;
			productType = "com.apple.product-type.bundle.unit-test";
		};
/* End PBXNativeTarget section */

/* Begin PBXProject section */
		4C3307F01C7C57C70091194C /* Project object */ = {
			isa = PBXProject;
			attributes = {
				LastSwiftUpdateCheck = 0720;
				LastUpgradeCheck = 0720;
				ORGANIZATIONNAME = syxc;
				TargetAttributes = {
					4C3307F71C7C57C70091194C = {
						CreatedOnToolsVersion = 7.2.1;
					};
					4C3308061C7C57C70091194C = {
						CreatedOnToolsVersion = 7.2.1;
						TestTargetID = 4C3307F71C7C57C70091194C;
					};
				};
			};
			buildConfigurationList = 4C3307F31C7C57C70091194C /* Build configuration list for PBXProject "FYLogger" */;
			compatibilityVersion = "Xcode 3.2";
			developmentRegion = English;
			hasScannedForEncodings = 0;
			knownRegions = (
				en,
				Base,
			);
			mainGroup = 4C3307EF1C7C57C70091194C;
			productRefGroup = 4C3307F91C7C57C70091194C /* Products */;
			projectDirPath = "";
			projectRoot = "";
			targets = (
				4C3307F71C7C57C70091194C /* FYLogger */,
				4C3308061C7C57C70091194C /* FYLoggerTests */,
			);
		};
/* End PBXProject section */

/* Begin PBXResourcesBuildPhase section */
		4C3307F61C7C57C70091194C /* Resources */ = {
			isa = PBXResourcesBuildPhase;
			buildActionMask = 2147483647;
			files = (
				4C3307FE1C7C57C70091194C /* Assets.xcassets in Resources */,
				4C3308011C7C57C70091194C /* LaunchScreen.storyboard in Resources */,
			);
			runOnlyForDeploymentPostprocessing = 0;
		};
		4C3308051C7C57C70091194C /* Resources */ = {
			isa = PBXResourcesBuildPhase;
			buildActionMask = 2147483647;
			files = (
			);
			runOnlyForDeploymentPostprocessing = 0;
		};
/* End PBXResourcesBuildPhase section */

/* Begin PBXSourcesBuildPhase section */
		4C3307F41C7C57C70091194C /* Sources */ = {
			isa = PBXSourcesBuildPhase;
			buildActionMask = 2147483647;
			files = (
				4C3307FC1C7C57C70091194C /* AppDelegate.swift in Sources */,
				4C33083B1C7C5EAF0091194C /* MainViewController.swift in Sources */,
				4C74446F1C7C7C6900598533 /* FYLogger.swift in Sources */,
			);
			runOnlyForDeploymentPostprocessing = 0;
		};
		4C3308031C7C57C70091194C /* Sources */ = {
			isa = PBXSourcesBuildPhase;
			buildActionMask = 2147483647;
			files = (
				4C33080C1C7C57C70091194C /* FYLoggerDemoTests.swift in Sources */,
			);
			runOnlyForDeploymentPostprocessing = 0;
		};
/* End PBXSourcesBuildPhase section */

/* Begin PBXTargetDependency section */
		4C3308091C7C57C70091194C /* PBXTargetDependency */ = {
			isa = PBXTargetDependency;
			target = 4C3307F71C7C57C70091194C /* FYLogger */;
			targetProxy = 4C3308081C7C57C70091194C /* PBXContainerItemProxy */;
		};
/* End PBXTargetDependency section */

/* Begin PBXVariantGroup section */
		4C3307FF1C7C57C70091194C /* LaunchScreen.storyboard */ = {
			isa = PBXVariantGroup;
			children = (
				4C3308001C7C57C70091194C /* Base */,
			);
			name = LaunchScreen.storyboard;
			sourceTree = "<group>";
		};
/* End PBXVariantGroup section */

/* Begin XCBuildConfiguration section */
		4C33080E1C7C57C70091194C /* Debug */ = {
			isa = XCBuildConfiguration;
			buildSettings = {
				ALWAYS_SEARCH_USER_PATHS = NO;
				CLANG_CXX_LANGUAGE_STANDARD = "gnu++0x";
				CLANG_CXX_LIBRARY = "libc++";
				CLANG_ENABLE_MODULES = YES;
				CLANG_ENABLE_OBJC_ARC = YES;
				CLANG_WARN_BOOL_CONVERSION = YES;
				CLANG_WARN_CONSTANT_CONVERSION = YES;
				CLANG_WARN_DIRECT_OBJC_ISA_USAGE = YES_ERROR;
				CLANG_WARN_EMPTY_BODY = YES;
				CLANG_WARN_ENUM_CONVERSION = YES;
				CLANG_WARN_INT_CONVERSION = YES;
				CLANG_WARN_OBJC_ROOT_CLASS = YES_ERROR;
				CLANG_WARN_UNREACHABLE_CODE = YES;
				CLANG_WARN__DUPLICATE_METHOD_MATCH = YES;
				"CODE_SIGN_IDENTITY[sdk=iphoneos*]" = "iPhone Developer";
				COPY_PHASE_STRIP = NO;
				DEBUG_INFORMATION_FORMAT = dwarf;
				ENABLE_STRICT_OBJC_MSGSEND = YES;
				ENABLE_TESTABILITY = YES;
				GCC_C_LANGUAGE_STANDARD = gnu99;
				GCC_DYNAMIC_NO_PIC = NO;
				GCC_NO_COMMON_BLOCKS = YES;
				GCC_OPTIMIZATION_LEVEL = 0;
				GCC_PREPROCESSOR_DEFINITIONS = (
					"DEBUG=1",
					"$(inherited)",
				);
				GCC_WARN_64_TO_32_BIT_CONVERSION = YES;
				GCC_WARN_ABOUT_RETURN_TYPE = YES_ERROR;
				GCC_WARN_UNDECLARED_SELECTOR = YES;
				GCC_WARN_UNINITIALIZED_AUTOS = YES_AGGRESSIVE;
				GCC_WARN_UNUSED_FUNCTION = YES;
				GCC_WARN_UNUSED_VARIABLE = YES;
				IPHONEOS_DEPLOYMENT_TARGET = 8.0;
				MTL_ENABLE_DEBUG_INFO = YES;
				ONLY_ACTIVE_ARCH = YES;
				SDKROOT = iphoneos;
				SWIFT_OPTIMIZATION_LEVEL = "-Onone";
				TARGETED_DEVICE_FAMILY = "1,2";
			};
			name = Debug;
		};
		4C33080F1C7C57C70091194C /* Release */ = {
			isa = XCBuildConfiguration;
			buildSettings = {
				ALWAYS_SEARCH_USER_PATHS = NO;
				CLANG_CXX_LANGUAGE_STANDARD = "gnu++0x";
				CLANG_CXX_LIBRARY = "libc++";
				CLANG_ENABLE_MODULES = YES;
				CLANG_ENABLE_OBJC_ARC = YES;
				CLANG_WARN_BOOL_CONVERSION = YES;
				CLANG_WARN_CONSTANT_CONVERSION = YES;
				CLANG_WARN_DIRECT_OBJC_ISA_USAGE = YES_ERROR;
				CLANG_WARN_EMPTY_BODY = YES;
				CLANG_WARN_ENUM_CONVERSION = YES;
				CLANG_WARN_INT_CONVERSION = YES;
				CLANG_WARN_OBJC_ROOT_CLASS = YES_ERROR;
				CLANG_WARN_UNREACHABLE_CODE = YES;
				CLANG_WARN__DUPLICATE_METHOD_MATCH = YES;
				"CODE_SIGN_IDENTITY[sdk=iphoneos*]" = "iPhone Developer";
				COPY_PHASE_STRIP = NO;
				DEBUG_INFORMATION_FORMAT = "dwarf-with-dsym";
				ENABLE_NS_ASSERTIONS = NO;
				ENABLE_STRICT_OBJC_MSGSEND = YES;
				GCC_C_LANGUAGE_STANDARD = gnu99;
				GCC_NO_COMMON_BLOCKS = YES;
				GCC_WARN_64_TO_32_BIT_CONVERSION = YES;
				GCC_WARN_ABOUT_RETURN_TYPE = YES_ERROR;
				GCC_WARN_UNDECLARED_SELECTOR = YES;
				GCC_WARN_UNINITIALIZED_AUTOS = YES_AGGRESSIVE;
				GCC_WARN_UNUSED_FUNCTION = YES;
				GCC_WARN_UNUSED_VARIABLE = YES;
				IPHONEOS_DEPLOYMENT_TARGET = 8.0;
				MTL_ENABLE_DEBUG_INFO = NO;
				SDKROOT = iphoneos;
				TARGETED_DEVICE_FAMILY = "1,2";
				VALIDATE_PRODUCT = YES;
			};
			name = Release;
		};
		4C3308111C7C57C70091194C /* Debug */ = {
			isa = XCBuildConfiguration;
			buildSettings = {
				ASSETCATALOG_COMPILER_APPICON_NAME = AppIcon;
				FRAMEWORK_SEARCH_PATHS = (
					"$(inherited)",
					"$(PROJECT_DIR)/Vendor",
				);
				INFOPLIST_FILE = FYLoggerDemo/Info.plist;
				IPHONEOS_DEPLOYMENT_TARGET = 8.0;
				LD_RUNPATH_SEARCH_PATHS = "$(inherited) @executable_path/Frameworks";
				OTHER_SWIFT_FLAGS = "-DDEBUG";
				PRODUCT_BUNDLE_IDENTIFIER = org.syxc.FYLoggerDemo;
				PRODUCT_NAME = FYLogger;
			};
			name = Debug;
		};
		4C3308121C7C57C70091194C /* Release */ = {
			isa = XCBuildConfiguration;
			buildSettings = {
				ASSETCATALOG_COMPILER_APPICON_NAME = AppIcon;
				FRAMEWORK_SEARCH_PATHS = (
					"$(inherited)",
					"$(PROJECT_DIR)/Vendor",
				);
				INFOPLIST_FILE = FYLoggerDemo/Info.plist;
				IPHONEOS_DEPLOYMENT_TARGET = 8.0;
				LD_RUNPATH_SEARCH_PATHS = "$(inherited) @executable_path/Frameworks";
				PRODUCT_BUNDLE_IDENTIFIER = org.syxc.FYLoggerDemo;
				PRODUCT_NAME = FYLogger;
			};
			name = Release;
		};
		4C3308141C7C57C70091194C /* Debug */ = {
			isa = XCBuildConfiguration;
			buildSettings = {
				BUNDLE_LOADER = "$(TEST_HOST)";
				INFOPLIST_FILE = FYLoggerDemoTests/Info.plist;
				LD_RUNPATH_SEARCH_PATHS = "$(inherited) @executable_path/Frameworks @loader_path/Frameworks";
				PRODUCT_BUNDLE_IDENTIFIER = org.syxc.FYLoggerDemoTests;
				PRODUCT_NAME = FYLogger;
				TEST_HOST = "$(BUILT_PRODUCTS_DIR)/FYLogger.app/FYLogger";
			};
			name = Debug;
		};
		4C3308151C7C57C70091194C /* Release */ = {
			isa = XCBuildConfiguration;
			buildSettings = {
				BUNDLE_LOADER = "$(TEST_HOST)";
				INFOPLIST_FILE = FYLoggerDemoTests/Info.plist;
				LD_RUNPATH_SEARCH_PATHS = "$(inherited) @executable_path/Frameworks @loader_path/Frameworks";
				PRODUCT_BUNDLE_IDENTIFIER = org.syxc.FYLoggerDemoTests;
				PRODUCT_NAME = FYLogger;
				TEST_HOST = "$(BUILT_PRODUCTS_DIR)/FYLogger.app/FYLogger";
			};
			name = Release;
		};
/* End XCBuildConfiguration section */

/* Begin XCConfigurationList section */
		4C3307F31C7C57C70091194C /* Build configuration list for PBXProject "FYLogger" */ = {
			isa = XCConfigurationList;
			buildConfigurations = (
				4C33080E1C7C57C70091194C /* Debug */,
				4C33080F1C7C57C70091194C /* Release */,
			);
			defaultConfigurationIsVisible = 0;
			defaultConfigurationName = Release;
		};
		4C3308101C7C57C70091194C /* Build configuration list for PBXNativeTarget "FYLogger" */ = {
			isa = XCConfigurationList;
			buildConfigurations = (
				4C3308111C7C57C70091194C /* Debug */,
				4C3308121C7C57C70091194C /* Release */,
			);
			defaultConfigurationIsVisible = 0;
			defaultConfigurationName = Release;
		};
		4C3308131C7C57C70091194C /* Build configuration list for PBXNativeTarget "FYLoggerTests" */ = {
			isa = XCConfigurationList;
			buildConfigurations = (
				4C3308141C7C57C70091194C /* Debug */,
				4C3308151C7C57C70091194C /* Release */,
			);
			defaultConfigurationIsVisible = 0;
			defaultConfigurationName = Release;
		};
/* End XCConfigurationList section */
	};
	rootObject = 4C3307F01C7C57C70091194C /* Project object */;
}
